
Microsoft Visual Studio Solution File, Format Version 11.00
# Visual Studio 2010
Project("{FAE04EC0-301F-11D3-BF4B-00C04F79EFBC}") = "PsakeSample", "PsakeSample\PsakeSample.csproj", "{956FDD16-0C44-4752-81D4-3E1A54F51E88}"
EndProject
Project("{FAE04EC0-301F-11D3-BF4B-00C04F79EFBC}") = "PsakeSample.Dao", "PsakeSample.Dao\PsakeSample.Dao.csproj", "{B50F1014-D0C3-4E21-994A-9BC3503AA524}"
EndProject
Project("{FAE04EC0-301F-11D3-BF4B-00C04F79EFBC}") = "PsakeSample.UT", "PsakeSample.UT\PsakeSample.UT.csproj", "{312A7FBE-BE00-42EB-B4CC-6681CFC0DA9F}"
EndProject
Project("{2150E333-8FDC-42A3-9474-1A3956D46DE8}") = "Solution Items", "Solution Items", "{2BAD9A82-2A16-44A8-AE17-400311E42A40}"
	ProjectSection(SolutionItems) = preProject
		Local.testsettings = Local.testsettings
		PsakeSample.vsmdi = PsakeSample.vsmdi
		TraceAndTestImpact.testsettings = TraceAndTestImpact.testsettings
	EndProjectSection
EndProject
Project("{2150E333-8FDC-42A3-9474-1A3956D46DE8}") = "util", "util", "{73429AA9-CB65-4FFE-832D-7DE6F6FFBE9D}"
	ProjectSection(SolutionItems) = preProject
		util\build.ps1 = util\build.ps1
		util\psake.ps1 = util\psake.ps1
		util\psake.psm1 = util\psake.psm1
	EndProjectSection
EndProject
Global
	GlobalSection(TestCaseManagementSettings) = postSolution
		CategoryFile = PsakeSample.vsmdi
	EndGlobalSection
	GlobalSection(SolutionConfigurationPlatforms) = preSolution
		Debug|Any CPU = Debug|Any CPU
		Release|Any CPU = Release|Any CPU
	EndGlobalSection
	GlobalSection(ProjectConfigurationPlatforms) = postSolution
		{956FDD16-0C44-4752-81D4-3E1A54F51E88}.Debug|Any CPU.ActiveCfg = Debug|Any CPU
		{956FDD16-0C44-4752-81D4-3E1A54F51E88}.Debug|Any CPU.Build.0 = Debug|Any CPU
		{956FDD16-0C44-4752-81D4-3E1A54F51E88}.Release|Any CPU.ActiveCfg = Release|Any CPU
		{956FDD16-0C44-4752-81D4-3E1A54F51E88}.Release|Any CPU.Build.0 = Release|Any CPU
		{B50F1014-D0C3-4E21-994A-9BC3503AA524}.Debug|Any CPU.ActiveCfg = Debug|Any CPU
		{B50F1014-D0C3-4E21-994A-9BC3503AA524}.Debug|Any CPU.Build.0 = Debug|Any CPU
		{B50F1014-D0C3-4E21-994A-9BC3503AA524}.Release|Any CPU.ActiveCfg = Release|Any CPU
		{B50F1014-D0C3-4E21-994A-9BC3503AA524}.Release|Any CPU.Build.0 = Release|Any CPU
		{312A7FBE-BE00-42EB-B4CC-6681CFC0DA9F}.Debug|Any CPU.ActiveCfg = Debug|Any CPU
		{312A7FBE-BE00-42EB-B4CC-6681CFC0DA9F}.Debug|Any CPU.Build.0 = Debug|Any CPU
		{312A7FBE-BE00-42EB-B4CC-6681CFC0DA9F}.Release|Any CPU.ActiveCfg = Release|Any CPU
		{312A7FBE-BE00-42EB-B4CC-6681CFC0DA9F}.Release|Any CPU.Build.0 = Release|Any CPU
	EndGlobalSection
	GlobalSection(SolutionProperties) = preSolution
		HideSolutionNode = FALSE
	EndGlobalSection
EndGlobal
